// !$*UTF8*$!
{
	archiveVersion = 1;
	classes = {
	};
	objectVersion = 55;
	objects = {

/* Begin PBXBuildFile section */
		8407708F27E6B3E50042410C /* Announcements.swift in Sources */ = {isa = PBXBuildFile; fileRef = 8407708E27E6B3E50042410C /* Announcements.swift */; };
		840F072627DFE05300CCDE19 /* Launch Screen.storyboard in Resources */ = {isa = PBXBuildFile; fileRef = 840F072527DFE05300CCDE19 /* Launch Screen.storyboard */; };
		840FBEB427C8729C003D646C /* NewsScreen.swift in Sources */ = {isa = PBXBuildFile; fileRef = 840FBEB327C8729C003D646C /* NewsScreen.swift */; };
		840FBEB627C872AB003D646C /* DonateScreen.swift in Sources */ = {isa = PBXBuildFile; fileRef = 840FBEB527C872AB003D646C /* DonateScreen.swift */; };
		840FBEBA27C87882003D646C /* FridayScheduleView.swift in Sources */ = {isa = PBXBuildFile; fileRef = 840FBEB927C87882003D646C /* FridayScheduleView.swift */; };
		840FBEBC27C88129003D646C /* KhutbaView.swift in Sources */ = {isa = PBXBuildFile; fileRef = 840FBEBB27C88128003D646C /* KhutbaView.swift */; };
		8416F08527BEFE9E00129383 /* PrayerHeader.swift in Sources */ = {isa = PBXBuildFile; fileRef = 8416F08427BEFE9E00129383 /* PrayerHeader.swift */; };
		8416F08927BF280D00129383 /* NotificationType.swift in Sources */ = {isa = PBXBuildFile; fileRef = 8416F08827BF280D00129383 /* NotificationType.swift */; };
		8416F08D27BF603D00129383 /* AdhanAfasy.caf in Resources */ = {isa = PBXBuildFile; fileRef = 8416F08B27BF603D00129383 /* AdhanAfasy.caf */; };
		8416F08E27BF603D00129383 /* AdhanSaadAlghamdi.caf in Resources */ = {isa = PBXBuildFile; fileRef = 8416F08C27BF603D00129383 /* AdhanSaadAlghamdi.caf */; };
		8416F09227C0A50000129383 /* PrayerCountdownViewModel.swift in Sources */ = {isa = PBXBuildFile; fileRef = 8416F09127C0A50000129383 /* PrayerCountdownViewModel.swift */; };
		8420E8B827AF730E00C54EED /* ToggleStyle.swift in Sources */ = {isa = PBXBuildFile; fileRef = 8420E8B727AF730E00C54EED /* ToggleStyle.swift */; };
		8420E8BC27AF7FEE00C54EED /* NotificationSettings.swift in Sources */ = {isa = PBXBuildFile; fileRef = 8420E8BB27AF7FEE00C54EED /* NotificationSettings.swift */; };
		84224BD72BED5676001B6353 /* Nuke in Frameworks */ = {isa = PBXBuildFile; productRef = 84224BD62BED5676001B6353 /* Nuke */; };
		84224BD92BED5676001B6353 /* NukeUI in Frameworks */ = {isa = PBXBuildFile; productRef = 84224BD82BED5676001B6353 /* NukeUI */; };
		842E34C227BDE9AE00A3B50B /* NotificationController.swift in Sources */ = {isa = PBXBuildFile; fileRef = 842E34C127BDE9AE00A3B50B /* NotificationController.swift */; };
		842E34C427BDEBF200A3B50B /* PrayerScreen.swift in Sources */ = {isa = PBXBuildFile; fileRef = 842E34C327BDEBF200A3B50B /* PrayerScreen.swift */; };
		842E34C627BDED2800A3B50B /* MoreScreen.swift in Sources */ = {isa = PBXBuildFile; fileRef = 842E34C527BDED2800A3B50B /* MoreScreen.swift */; };
		843C8C7F27F154090077F5E1 /* NotificationService.swift in Sources */ = {isa = PBXBuildFile; fileRef = 843C8C7E27F154090077F5E1 /* NotificationService.swift */; };
		843C8C8327F154090077F5E1 /* IARNotificationServiceExtension.appex in Embed Foundation Extensions */ = {isa = PBXBuildFile; fileRef = 843C8C7C27F154090077F5E1 /* IARNotificationServiceExtension.appex */; settings = {ATTRIBUTES = (RemoveHeadersOnCopy, ); }; };
		843C8C8A27F155E70077F5E1 /* OneSignal in Frameworks */ = {isa = PBXBuildFile; productRef = 843C8C8927F155E70077F5E1 /* OneSignal */; };
		843F283627C1DEE8008D0328 /* PrayerSchedule.swift in Sources */ = {isa = PBXBuildFile; fileRef = 843F283527C1DEE8008D0328 /* PrayerSchedule.swift */; };
		844B424C2BF53ECD007410CD /* SmallPrayerCountdown.swift in Sources */ = {isa = PBXBuildFile; fileRef = 844B424B2BF53ECD007410CD /* SmallPrayerCountdown.swift */; };
		8458125227B5F6F10065B185 /* StoredDefault.swift in Sources */ = {isa = PBXBuildFile; fileRef = 8458125127B5F6F10065B185 /* StoredDefault.swift */; };
		845FB0ED27E3C579006E54E1 /* ShareSheet.swift in Sources */ = {isa = PBXBuildFile; fileRef = 845FB0EC27E3C579006E54E1 /* ShareSheet.swift */; };
		846E07732BF3067B00EAA538 /* PreferenceKeys.swift in Sources */ = {isa = PBXBuildFile; fileRef = 846E07722BF3067B00EAA538 /* PreferenceKeys.swift */; };
		847AC2BA279F71A2000D80EE /* iarApp.swift in Sources */ = {isa = PBXBuildFile; fileRef = 847AC2B9279F71A2000D80EE /* iarApp.swift */; };
		847AC2BC279F71A2000D80EE /* PrayerDayView.swift in Sources */ = {isa = PBXBuildFile; fileRef = 847AC2BB279F71A2000D80EE /* PrayerDayView.swift */; };
		847AC2BE279F71A2000D80EE /* Assets.xcassets in Resources */ = {isa = PBXBuildFile; fileRef = 847AC2BD279F71A2000D80EE /* Assets.xcassets */; };
		847AC2C1279F71A2000D80EE /* Preview Assets.xcassets in Resources */ = {isa = PBXBuildFile; fileRef = 847AC2C0279F71A2000D80EE /* Preview Assets.xcassets */; };
		847AC2C9279F74C3000D80EE /* AdhanSchedule.swift in Sources */ = {isa = PBXBuildFile; fileRef = 847AC2C8279F74C3000D80EE /* AdhanSchedule.swift */; };
		847AC2CB279F9246000D80EE /* PrayerDay.swift in Sources */ = {isa = PBXBuildFile; fileRef = 847AC2CA279F9246000D80EE /* PrayerDay.swift */; };
		847AC2CD279F926A000D80EE /* IqamahSchedule.swift in Sources */ = {isa = PBXBuildFile; fileRef = 847AC2CC279F926A000D80EE /* IqamahSchedule.swift */; };
		847AC2DF279FA893000D80EE /* HijriComponents.swift in Sources */ = {isa = PBXBuildFile; fileRef = 847AC2DE279FA893000D80EE /* HijriComponents.swift */; };
		847AC2E2279FAE16000D80EE /* PrayerTimesViewModel.swift in Sources */ = {isa = PBXBuildFile; fileRef = 847AC2E1279FAE16000D80EE /* PrayerTimesViewModel.swift */; };
		847AC2E5279FB10A000D80EE /* PrayerRow.swift in Sources */ = {isa = PBXBuildFile; fileRef = 847AC2E4279FB10A000D80EE /* PrayerRow.swift */; };
		847AC2E7279FB162000D80EE /* Prayer.swift in Sources */ = {isa = PBXBuildFile; fileRef = 847AC2E6279FB162000D80EE /* Prayer.swift */; };
		849550F127AA0316008A180F /* MockData.swift in Sources */ = {isa = PBXBuildFile; fileRef = 849550F027AA0316008A180F /* MockData.swift */; };
		849550F327AA0654008A180F /* MainView.swift in Sources */ = {isa = PBXBuildFile; fileRef = 849550F227AA0654008A180F /* MainView.swift */; };
		849550F527AA07EB008A180F /* PrayerProvider.swift in Sources */ = {isa = PBXBuildFile; fileRef = 849550F427AA07EB008A180F /* PrayerProvider.swift */; };
		849550F727AA2EF7008A180F /* PrayerTime.swift in Sources */ = {isa = PBXBuildFile; fileRef = 849550F627AA2EF7008A180F /* PrayerTime.swift */; };
		849550F927AA3784008A180F /* PrayerCountdown.swift in Sources */ = {isa = PBXBuildFile; fileRef = 849550F827AA3784008A180F /* PrayerCountdown.swift */; };
		849550FC27AA38B5008A180F /* Sequence.swift in Sources */ = {isa = PBXBuildFile; fileRef = 849550FB27AA38B5008A180F /* Sequence.swift */; };
		8497D2E227C2B981000BF89C /* PrayerDayViewModel.swift in Sources */ = {isa = PBXBuildFile; fileRef = 8497D2E127C2B981000BF89C /* PrayerDayViewModel.swift */; };
		8497D2E427C2B9F1000BF89C /* PrayerTimesView.swift in Sources */ = {isa = PBXBuildFile; fileRef = 8497D2E327C2B9F1000BF89C /* PrayerTimesView.swift */; };
		84994CCA27DD465500BD2A33 /* NewsSection.swift in Sources */ = {isa = PBXBuildFile; fileRef = 84994CC927DD465500BD2A33 /* NewsSection.swift */; };
		84994CCC27DD47C500BD2A33 /* PostsList.swift in Sources */ = {isa = PBXBuildFile; fileRef = 84994CCB27DD47C500BD2A33 /* PostsList.swift */; };
		84994CCE27DD4B1800BD2A33 /* EventsList.swift in Sources */ = {isa = PBXBuildFile; fileRef = 84994CCD27DD4B1800BD2A33 /* EventsList.swift */; };
		84994CD027DD4EEF00BD2A33 /* PostRow.swift in Sources */ = {isa = PBXBuildFile; fileRef = 84994CCF27DD4EEF00BD2A33 /* PostRow.swift */; };
		84994CD227DD53BB00BD2A33 /* WebView.swift in Sources */ = {isa = PBXBuildFile; fileRef = 84994CD127DD53BB00BD2A33 /* WebView.swift */; };
		84994CD427DD5DFC00BD2A33 /* SpecialHeader.swift in Sources */ = {isa = PBXBuildFile; fileRef = 84994CD327DD5DFC00BD2A33 /* SpecialHeader.swift */; };
		84ACC8D927B86761004D4F25 /* FridayPrayer.swift in Sources */ = {isa = PBXBuildFile; fileRef = 84ACC8D827B86761004D4F25 /* FridayPrayer.swift */; };
		84D44B9F27D8661E00202BD3 /* Event.swift in Sources */ = {isa = PBXBuildFile; fileRef = 84D44B9E27D8661E00202BD3 /* Event.swift */; };
		84D44BA127D866C300202BD3 /* Post.swift in Sources */ = {isa = PBXBuildFile; fileRef = 84D44BA027D866C300202BD3 /* Post.swift */; };
		84D44BA527D8672200202BD3 /* News.swift in Sources */ = {isa = PBXBuildFile; fileRef = 84D44BA427D8672200202BD3 /* News.swift */; };
		84D44BA727D8676400202BD3 /* NewsViewModel.swift in Sources */ = {isa = PBXBuildFile; fileRef = 84D44BA627D8676400202BD3 /* NewsViewModel.swift */; };
		84D44BA927D8677C00202BD3 /* NewsProvider.swift in Sources */ = {isa = PBXBuildFile; fileRef = 84D44BA827D8677C00202BD3 /* NewsProvider.swift */; };
		84E57E0027AB8FE400AC10A0 /* Formatter.swift in Sources */ = {isa = PBXBuildFile; fileRef = 84E57DFF27AB8FE300AC10A0 /* Formatter.swift */; };
		84E57E0227AB943600AC10A0 /* URLSession.swift in Sources */ = {isa = PBXBuildFile; fileRef = 84E57E0127AB943600AC10A0 /* URLSession.swift */; };
		84E8774727DE56FE00D80908 /* EventRow.swift in Sources */ = {isa = PBXBuildFile; fileRef = 84E8774627DE56FE00D80908 /* EventRow.swift */; };
		84FB95A32BF45E00005E0D5A /* SafeArea.swift in Sources */ = {isa = PBXBuildFile; fileRef = 84FB95A22BF45E00005E0D5A /* SafeArea.swift */; };
/* End PBXBuildFile section */

/* Begin PBXContainerItemProxy section */
		843C8C8127F154090077F5E1 /* PBXContainerItemProxy */ = {
			isa = PBXContainerItemProxy;
			containerPortal = 847AC2AE279F71A1000D80EE /* Project object */;
			proxyType = 1;
			remoteGlobalIDString = 843C8C7B27F154090077F5E1;
			remoteInfo = IARNotificationServiceExtension;
		};
/* End PBXContainerItemProxy section */

/* Begin PBXCopyFilesBuildPhase section */
		843C8C8427F154090077F5E1 /* Embed Foundation Extensions */ = {
			isa = PBXCopyFilesBuildPhase;
			buildActionMask = 2147483647;
			dstPath = "";
			dstSubfolderSpec = 13;
			files = (
				843C8C8327F154090077F5E1 /* IARNotificationServiceExtension.appex in Embed Foundation Extensions */,
			);
			name = "Embed Foundation Extensions";
			runOnlyForDeploymentPostprocessing = 0;
		};
/* End PBXCopyFilesBuildPhase section */

/* Begin PBXFileReference section */
		8407708E27E6B3E50042410C /* Announcements.swift */ = {isa = PBXFileReference; lastKnownFileType = sourcecode.swift; path = Announcements.swift; sourceTree = "<group>"; };
		840F072527DFE05300CCDE19 /* Launch Screen.storyboard */ = {isa = PBXFileReference; lastKnownFileType = file.storyboard; path = "Launch Screen.storyboard"; sourceTree = "<group>"; };
		840FBEB327C8729C003D646C /* NewsScreen.swift */ = {isa = PBXFileReference; lastKnownFileType = sourcecode.swift; path = NewsScreen.swift; sourceTree = "<group>"; };
		840FBEB527C872AB003D646C /* DonateScreen.swift */ = {isa = PBXFileReference; lastKnownFileType = sourcecode.swift; path = DonateScreen.swift; sourceTree = "<group>"; };
		840FBEB927C87882003D646C /* FridayScheduleView.swift */ = {isa = PBXFileReference; lastKnownFileType = sourcecode.swift; path = FridayScheduleView.swift; sourceTree = "<group>"; };
		840FBEBB27C88128003D646C /* KhutbaView.swift */ = {isa = PBXFileReference; lastKnownFileType = sourcecode.swift; path = KhutbaView.swift; sourceTree = "<group>"; };
		8416F08427BEFE9E00129383 /* PrayerHeader.swift */ = {isa = PBXFileReference; lastKnownFileType = sourcecode.swift; path = PrayerHeader.swift; sourceTree = "<group>"; };
		8416F08827BF280D00129383 /* NotificationType.swift */ = {isa = PBXFileReference; lastKnownFileType = sourcecode.swift; path = NotificationType.swift; sourceTree = "<group>"; };
		8416F08B27BF603D00129383 /* AdhanAfasy.caf */ = {isa = PBXFileReference; lastKnownFileType = file; path = AdhanAfasy.caf; sourceTree = "<group>"; };
		8416F08C27BF603D00129383 /* AdhanSaadAlghamdi.caf */ = {isa = PBXFileReference; lastKnownFileType = file; path = AdhanSaadAlghamdi.caf; sourceTree = "<group>"; };
		8416F09127C0A50000129383 /* PrayerCountdownViewModel.swift */ = {isa = PBXFileReference; lastKnownFileType = sourcecode.swift; path = PrayerCountdownViewModel.swift; sourceTree = "<group>"; };
		8420E8B727AF730E00C54EED /* ToggleStyle.swift */ = {isa = PBXFileReference; lastKnownFileType = sourcecode.swift; path = ToggleStyle.swift; sourceTree = "<group>"; };
		8420E8BB27AF7FEE00C54EED /* NotificationSettings.swift */ = {isa = PBXFileReference; lastKnownFileType = sourcecode.swift; path = NotificationSettings.swift; sourceTree = "<group>"; };
		8422A11627ACAE7C0043B8D0 /* Info.plist */ = {isa = PBXFileReference; lastKnownFileType = text.plist; path = Info.plist; sourceTree = "<group>"; };
		842E34C127BDE9AE00A3B50B /* NotificationController.swift */ = {isa = PBXFileReference; lastKnownFileType = sourcecode.swift; path = NotificationController.swift; sourceTree = "<group>"; };
		842E34C327BDEBF200A3B50B /* PrayerScreen.swift */ = {isa = PBXFileReference; lastKnownFileType = sourcecode.swift; path = PrayerScreen.swift; sourceTree = "<group>"; };
		842E34C527BDED2800A3B50B /* MoreScreen.swift */ = {isa = PBXFileReference; lastKnownFileType = sourcecode.swift; path = MoreScreen.swift; sourceTree = "<group>"; };
		843C8C7C27F154090077F5E1 /* IARNotificationServiceExtension.appex */ = {isa = PBXFileReference; explicitFileType = "wrapper.app-extension"; includeInIndex = 0; path = IARNotificationServiceExtension.appex; sourceTree = BUILT_PRODUCTS_DIR; };
		843C8C7E27F154090077F5E1 /* NotificationService.swift */ = {isa = PBXFileReference; lastKnownFileType = sourcecode.swift; path = NotificationService.swift; sourceTree = "<group>"; };
		843C8C8027F154090077F5E1 /* Info.plist */ = {isa = PBXFileReference; lastKnownFileType = text.plist.xml; path = Info.plist; sourceTree = "<group>"; };
		843F283527C1DEE8008D0328 /* PrayerSchedule.swift */ = {isa = PBXFileReference; lastKnownFileType = sourcecode.swift; path = PrayerSchedule.swift; sourceTree = "<group>"; };
		844B424B2BF53ECD007410CD /* SmallPrayerCountdown.swift */ = {isa = PBXFileReference; lastKnownFileType = sourcecode.swift; path = SmallPrayerCountdown.swift; sourceTree = "<group>"; };
		8458125127B5F6F10065B185 /* StoredDefault.swift */ = {isa = PBXFileReference; lastKnownFileType = sourcecode.swift; path = StoredDefault.swift; sourceTree = "<group>"; };
		845FB0EC27E3C579006E54E1 /* ShareSheet.swift */ = {isa = PBXFileReference; lastKnownFileType = sourcecode.swift; path = ShareSheet.swift; sourceTree = "<group>"; };
		846E07722BF3067B00EAA538 /* PreferenceKeys.swift */ = {isa = PBXFileReference; lastKnownFileType = sourcecode.swift; path = PreferenceKeys.swift; sourceTree = "<group>"; };
		847AC2B6279F71A2000D80EE /* IAR.app */ = {isa = PBXFileReference; explicitFileType = wrapper.application; includeInIndex = 0; path = IAR.app; sourceTree = BUILT_PRODUCTS_DIR; };
		847AC2B9279F71A2000D80EE /* iarApp.swift */ = {isa = PBXFileReference; lastKnownFileType = sourcecode.swift; path = iarApp.swift; sourceTree = "<group>"; };
		847AC2BB279F71A2000D80EE /* PrayerDayView.swift */ = {isa = PBXFileReference; lastKnownFileType = sourcecode.swift; path = PrayerDayView.swift; sourceTree = "<group>"; };
		847AC2BD279F71A2000D80EE /* Assets.xcassets */ = {isa = PBXFileReference; lastKnownFileType = folder.assetcatalog; path = Assets.xcassets; sourceTree = "<group>"; };
		847AC2C0279F71A2000D80EE /* Preview Assets.xcassets */ = {isa = PBXFileReference; lastKnownFileType = folder.assetcatalog; path = "Preview Assets.xcassets"; sourceTree = "<group>"; };
		847AC2C8279F74C3000D80EE /* AdhanSchedule.swift */ = {isa = PBXFileReference; lastKnownFileType = sourcecode.swift; path = AdhanSchedule.swift; sourceTree = "<group>"; };
		847AC2CA279F9246000D80EE /* PrayerDay.swift */ = {isa = PBXFileReference; lastKnownFileType = sourcecode.swift; path = PrayerDay.swift; sourceTree = "<group>"; };
		847AC2CC279F926A000D80EE /* IqamahSchedule.swift */ = {isa = PBXFileReference; lastKnownFileType = sourcecode.swift; path = IqamahSchedule.swift; sourceTree = "<group>"; };
		847AC2DE279FA893000D80EE /* HijriComponents.swift */ = {isa = PBXFileReference; lastKnownFileType = sourcecode.swift; path = HijriComponents.swift; sourceTree = "<group>"; };
		847AC2E1279FAE16000D80EE /* PrayerTimesViewModel.swift */ = {isa = PBXFileReference; lastKnownFileType = sourcecode.swift; path = PrayerTimesViewModel.swift; sourceTree = "<group>"; };
		847AC2E4279FB10A000D80EE /* PrayerRow.swift */ = {isa = PBXFileReference; lastKnownFileType = sourcecode.swift; path = PrayerRow.swift; sourceTree = "<group>"; };
		847AC2E6279FB162000D80EE /* Prayer.swift */ = {isa = PBXFileReference; lastKnownFileType = sourcecode.swift; path = Prayer.swift; sourceTree = "<group>"; };
		8483A8D027BE0484003BB4BE /* iar.entitlements */ = {isa = PBXFileReference; lastKnownFileType = text.plist.entitlements; path = iar.entitlements; sourceTree = "<group>"; };
		849550F027AA0316008A180F /* MockData.swift */ = {isa = PBXFileReference; lastKnownFileType = sourcecode.swift; path = MockData.swift; sourceTree = "<group>"; };
		849550F227AA0654008A180F /* MainView.swift */ = {isa = PBXFileReference; lastKnownFileType = sourcecode.swift; path = MainView.swift; sourceTree = "<group>"; };
		849550F427AA07EB008A180F /* PrayerProvider.swift */ = {isa = PBXFileReference; lastKnownFileType = sourcecode.swift; path = PrayerProvider.swift; sourceTree = "<group>"; };
		849550F627AA2EF7008A180F /* PrayerTime.swift */ = {isa = PBXFileReference; lastKnownFileType = sourcecode.swift; path = PrayerTime.swift; sourceTree = "<group>"; };
		849550F827AA3784008A180F /* PrayerCountdown.swift */ = {isa = PBXFileReference; lastKnownFileType = sourcecode.swift; path = PrayerCountdown.swift; sourceTree = "<group>"; };
		849550FB27AA38B5008A180F /* Sequence.swift */ = {isa = PBXFileReference; lastKnownFileType = sourcecode.swift; path = Sequence.swift; sourceTree = "<group>"; };
		8497D2E127C2B981000BF89C /* PrayerDayViewModel.swift */ = {isa = PBXFileReference; lastKnownFileType = sourcecode.swift; path = PrayerDayViewModel.swift; sourceTree = "<group>"; };
		8497D2E327C2B9F1000BF89C /* PrayerTimesView.swift */ = {isa = PBXFileReference; lastKnownFileType = sourcecode.swift; path = PrayerTimesView.swift; sourceTree = "<group>"; };
		84994CC927DD465500BD2A33 /* NewsSection.swift */ = {isa = PBXFileReference; lastKnownFileType = sourcecode.swift; path = NewsSection.swift; sourceTree = "<group>"; };
		84994CCB27DD47C500BD2A33 /* PostsList.swift */ = {isa = PBXFileReference; lastKnownFileType = sourcecode.swift; path = PostsList.swift; sourceTree = "<group>"; };
		84994CCD27DD4B1800BD2A33 /* EventsList.swift */ = {isa = PBXFileReference; lastKnownFileType = sourcecode.swift; path = EventsList.swift; sourceTree = "<group>"; };
		84994CCF27DD4EEF00BD2A33 /* PostRow.swift */ = {isa = PBXFileReference; lastKnownFileType = sourcecode.swift; path = PostRow.swift; sourceTree = "<group>"; };
		84994CD127DD53BB00BD2A33 /* WebView.swift */ = {isa = PBXFileReference; lastKnownFileType = sourcecode.swift; path = WebView.swift; sourceTree = "<group>"; };
		84994CD327DD5DFC00BD2A33 /* SpecialHeader.swift */ = {isa = PBXFileReference; lastKnownFileType = sourcecode.swift; path = SpecialHeader.swift; sourceTree = "<group>"; };
		84ACC8D827B86761004D4F25 /* FridayPrayer.swift */ = {isa = PBXFileReference; lastKnownFileType = sourcecode.swift; path = FridayPrayer.swift; sourceTree = "<group>"; };
		84D44B9E27D8661E00202BD3 /* Event.swift */ = {isa = PBXFileReference; lastKnownFileType = sourcecode.swift; path = Event.swift; sourceTree = "<group>"; };
		84D44BA027D866C300202BD3 /* Post.swift */ = {isa = PBXFileReference; lastKnownFileType = sourcecode.swift; path = Post.swift; sourceTree = "<group>"; };
		84D44BA427D8672200202BD3 /* News.swift */ = {isa = PBXFileReference; lastKnownFileType = sourcecode.swift; path = News.swift; sourceTree = "<group>"; };
		84D44BA627D8676400202BD3 /* NewsViewModel.swift */ = {isa = PBXFileReference; lastKnownFileType = sourcecode.swift; path = NewsViewModel.swift; sourceTree = "<group>"; };
		84D44BA827D8677C00202BD3 /* NewsProvider.swift */ = {isa = PBXFileReference; lastKnownFileType = sourcecode.swift; path = NewsProvider.swift; sourceTree = "<group>"; };
		84E57DFF27AB8FE300AC10A0 /* Formatter.swift */ = {isa = PBXFileReference; lastKnownFileType = sourcecode.swift; path = Formatter.swift; sourceTree = "<group>"; };
		84E57E0127AB943600AC10A0 /* URLSession.swift */ = {isa = PBXFileReference; lastKnownFileType = sourcecode.swift; path = URLSession.swift; sourceTree = "<group>"; };
		84E8774627DE56FE00D80908 /* EventRow.swift */ = {isa = PBXFileReference; lastKnownFileType = sourcecode.swift; path = EventRow.swift; sourceTree = "<group>"; };
		84FB95A22BF45E00005E0D5A /* SafeArea.swift */ = {isa = PBXFileReference; lastKnownFileType = sourcecode.swift; path = SafeArea.swift; sourceTree = "<group>"; };
/* End PBXFileReference section */

/* Begin PBXFrameworksBuildPhase section */
		843C8C7927F154090077F5E1 /* Frameworks */ = {
			isa = PBXFrameworksBuildPhase;
			buildActionMask = 2147483647;
			files = (
			);
			runOnlyForDeploymentPostprocessing = 0;
		};
		847AC2B3279F71A2000D80EE /* Frameworks */ = {
			isa = PBXFrameworksBuildPhase;
			buildActionMask = 2147483647;
			files = (
				84224BD72BED5676001B6353 /* Nuke in Frameworks */,
				843C8C8A27F155E70077F5E1 /* OneSignal in Frameworks */,
				84224BD92BED5676001B6353 /* NukeUI in Frameworks */,
			);
			runOnlyForDeploymentPostprocessing = 0;
		};
/* End PBXFrameworksBuildPhase section */

/* Begin PBXGroup section */
		840FBEB727C872B9003D646C /* Donate */ = {
			isa = PBXGroup;
			children = (
				840FBEB527C872AB003D646C /* DonateScreen.swift */,
			);
			path = Donate;
			sourceTree = "<group>";
		};
		840FBEB827C872C8003D646C /* News */ = {
			isa = PBXGroup;
			children = (
				84E8774627DE56FE00D80908 /* EventRow.swift */,
				84994CCD27DD4B1800BD2A33 /* EventsList.swift */,
				840FBEB327C8729C003D646C /* NewsScreen.swift */,
				84994CCF27DD4EEF00BD2A33 /* PostRow.swift */,
				84994CCB27DD47C500BD2A33 /* PostsList.swift */,
				84994CD327DD5DFC00BD2A33 /* SpecialHeader.swift */,
			);
			path = News;
			sourceTree = "<group>";
		};
		8416F08627BF0CEC00129383 /* Prayer */ = {
			isa = PBXGroup;
			children = (
				842E34C327BDEBF200A3B50B /* PrayerScreen.swift */,
				849550F827AA3784008A180F /* PrayerCountdown.swift */,
				844B424B2BF53ECD007410CD /* SmallPrayerCountdown.swift */,
				8416F08427BEFE9E00129383 /* PrayerHeader.swift */,
				8497D2E327C2B9F1000BF89C /* PrayerTimesView.swift */,
				847AC2BB279F71A2000D80EE /* PrayerDayView.swift */,
				847AC2E4279FB10A000D80EE /* PrayerRow.swift */,
				840FBEB927C87882003D646C /* FridayScheduleView.swift */,
				840FBEBB27C88128003D646C /* KhutbaView.swift */,
			);
			path = Prayer;
			sourceTree = "<group>";
		};
		8416F08727BF27FD00129383 /* More */ = {
			isa = PBXGroup;
			children = (
				842E34C527BDED2800A3B50B /* MoreScreen.swift */,
			);
			path = More;
			sourceTree = "<group>";
		};
		8416F08A27BF5FE600129383 /* Audio */ = {
			isa = PBXGroup;
			children = (
				8416F08B27BF603D00129383 /* AdhanAfasy.caf */,
				8416F08C27BF603D00129383 /* AdhanSaadAlghamdi.caf */,
			);
			path = Audio;
			sourceTree = "<group>";
		};
		842D301C27D02E1A000CE8D4 /* json */ = {
			isa = PBXGroup;
			children = (
				847AC2C8279F74C3000D80EE /* AdhanSchedule.swift */,
				8407708E27E6B3E50042410C /* Announcements.swift */,
				84D44B9E27D8661E00202BD3 /* Event.swift */,
				84ACC8D827B86761004D4F25 /* FridayPrayer.swift */,
				847AC2DE279FA893000D80EE /* HijriComponents.swift */,
				847AC2CC279F926A000D80EE /* IqamahSchedule.swift */,
				84D44BA427D8672200202BD3 /* News.swift */,
				84D44BA027D866C300202BD3 /* Post.swift */,
				847AC2CA279F9246000D80EE /* PrayerDay.swift */,
				843F283527C1DEE8008D0328 /* PrayerSchedule.swift */,
			);
			path = json;
			sourceTree = "<group>";
		};
		843C8C7D27F154090077F5E1 /* IARNotificationServiceExtension */ = {
			isa = PBXGroup;
			children = (
				843C8C7E27F154090077F5E1 /* NotificationService.swift */,
				843C8C8027F154090077F5E1 /* Info.plist */,
			);
			path = IARNotificationServiceExtension;
			sourceTree = "<group>";
		};
		847AC2AD279F71A1000D80EE = {
			isa = PBXGroup;
			children = (
				847AC2B8279F71A2000D80EE /* iar */,
				843C8C7D27F154090077F5E1 /* IARNotificationServiceExtension */,
				847AC2B7279F71A2000D80EE /* Products */,
			);
			sourceTree = "<group>";
		};
		847AC2B7279F71A2000D80EE /* Products */ = {
			isa = PBXGroup;
			children = (
				847AC2B6279F71A2000D80EE /* IAR.app */,
				843C8C7C27F154090077F5E1 /* IARNotificationServiceExtension.appex */,
			);
			name = Products;
			sourceTree = "<group>";
		};
		847AC2B8279F71A2000D80EE /* iar */ = {
			isa = PBXGroup;
			children = (
				847AC2B9279F71A2000D80EE /* iarApp.swift */,
				847AC2E0279FAE04000D80EE /* Controllers */,
				847AC2C7279F7419000D80EE /* Models */,
				847AC2BF279F71A2000D80EE /* Preview Content */,
				84FEFD4E27AEDD0A0075126B /* View Models */,
				847AC2E3279FB0E6000D80EE /* Views */,
				849550FA27AA389E008A180F /* Extensions */,
				8416F08A27BF5FE600129383 /* Audio */,
				8422A11627ACAE7C0043B8D0 /* Info.plist */,
				8483A8D027BE0484003BB4BE /* iar.entitlements */,
				847AC2BD279F71A2000D80EE /* Assets.xcassets */,
				840F072527DFE05300CCDE19 /* Launch Screen.storyboard */,
			);
			path = iar;
			sourceTree = "<group>";
		};
		847AC2BF279F71A2000D80EE /* Preview Content */ = {
			isa = PBXGroup;
			children = (
				847AC2C0279F71A2000D80EE /* Preview Assets.xcassets */,
				849550F027AA0316008A180F /* MockData.swift */,
			);
			path = "Preview Content";
			sourceTree = "<group>";
		};
		847AC2C7279F7419000D80EE /* Models */ = {
			isa = PBXGroup;
			children = (
				842D301C27D02E1A000CE8D4 /* json */,
				847AC2E6279FB162000D80EE /* Prayer.swift */,
				849550F627AA2EF7008A180F /* PrayerTime.swift */,
				8416F08827BF280D00129383 /* NotificationType.swift */,
				84994CC927DD465500BD2A33 /* NewsSection.swift */,
			);
			path = Models;
			sourceTree = "<group>";
		};
		847AC2E0279FAE04000D80EE /* Controllers */ = {
			isa = PBXGroup;
			children = (
				849550F427AA07EB008A180F /* PrayerProvider.swift */,
				8420E8BB27AF7FEE00C54EED /* NotificationSettings.swift */,
				84E57DFF27AB8FE300AC10A0 /* Formatter.swift */,
				8458125127B5F6F10065B185 /* StoredDefault.swift */,
				842E34C127BDE9AE00A3B50B /* NotificationController.swift */,
				84D44BA827D8677C00202BD3 /* NewsProvider.swift */,
				846E07722BF3067B00EAA538 /* PreferenceKeys.swift */,
			);
			path = Controllers;
			sourceTree = "<group>";
		};
		847AC2E3279FB0E6000D80EE /* Views */ = {
			isa = PBXGroup;
			children = (
				840FBEB727C872B9003D646C /* Donate */,
				8416F08727BF27FD00129383 /* More */,
				840FBEB827C872C8003D646C /* News */,
				8416F08627BF0CEC00129383 /* Prayer */,
				849550F227AA0654008A180F /* MainView.swift */,
				845FB0EC27E3C579006E54E1 /* ShareSheet.swift */,
				84994CD127DD53BB00BD2A33 /* WebView.swift */,
			);
			path = Views;
			sourceTree = "<group>";
		};
		849550FA27AA389E008A180F /* Extensions */ = {
			isa = PBXGroup;
			children = (
				849550FB27AA38B5008A180F /* Sequence.swift */,
				8420E8B727AF730E00C54EED /* ToggleStyle.swift */,
				84E57E0127AB943600AC10A0 /* URLSession.swift */,
				84FB95A22BF45E00005E0D5A /* SafeArea.swift */,
			);
			path = Extensions;
			sourceTree = "<group>";
		};
		84FEFD4E27AEDD0A0075126B /* View Models */ = {
			isa = PBXGroup;
			children = (
				847AC2E1279FAE16000D80EE /* PrayerTimesViewModel.swift */,
				84D44BA627D8676400202BD3 /* NewsViewModel.swift */,
				8416F09127C0A50000129383 /* PrayerCountdownViewModel.swift */,
				8497D2E127C2B981000BF89C /* PrayerDayViewModel.swift */,
			);
			path = "View Models";
			sourceTree = "<group>";
		};
/* End PBXGroup section */

/* Begin PBXNativeTarget section */
		843C8C7B27F154090077F5E1 /* IARNotificationServiceExtension */ = {
			isa = PBXNativeTarget;
			buildConfigurationList = 843C8C8727F154090077F5E1 /* Build configuration list for PBXNativeTarget "IARNotificationServiceExtension" */;
			buildPhases = (
				843C8C7827F154090077F5E1 /* Sources */,
				843C8C7927F154090077F5E1 /* Frameworks */,
				843C8C7A27F154090077F5E1 /* Resources */,
			);
			buildRules = (
			);
			dependencies = (
			);
			name = IARNotificationServiceExtension;
			productName = IARNotificationServiceExtension;
			productReference = 843C8C7C27F154090077F5E1 /* IARNotificationServiceExtension.appex */;
			productType = "com.apple.product-type.app-extension";
		};
		847AC2B5279F71A2000D80EE /* iar */ = {
			isa = PBXNativeTarget;
			buildConfigurationList = 847AC2C4279F71A2000D80EE /* Build configuration list for PBXNativeTarget "iar" */;
			buildPhases = (
				847AC2B2279F71A2000D80EE /* Sources */,
				847AC2B3279F71A2000D80EE /* Frameworks */,
				847AC2B4279F71A2000D80EE /* Resources */,
				843C8C8427F154090077F5E1 /* Embed Foundation Extensions */,
			);
			buildRules = (
			);
			dependencies = (
				843C8C8227F154090077F5E1 /* PBXTargetDependency */,
			);
			name = iar;
			packageProductDependencies = (
				843C8C8927F155E70077F5E1 /* OneSignal */,
				84224BD62BED5676001B6353 /* Nuke */,
				84224BD82BED5676001B6353 /* NukeUI */,
			);
			productName = iar;
			productReference = 847AC2B6279F71A2000D80EE /* IAR.app */;
			productType = "com.apple.product-type.application";
		};
/* End PBXNativeTarget section */

/* Begin PBXProject section */
		847AC2AE279F71A1000D80EE /* Project object */ = {
			isa = PBXProject;
			attributes = {
				BuildIndependentTargetsInParallel = 1;
				LastSwiftUpdateCheck = 1320;
				LastUpgradeCheck = 1500;
				TargetAttributes = {
					843C8C7B27F154090077F5E1 = {
						CreatedOnToolsVersion = 13.2.1;
					};
					847AC2B5279F71A2000D80EE = {
						CreatedOnToolsVersion = 13.2.1;
					};
				};
			};
			buildConfigurationList = 847AC2B1279F71A2000D80EE /* Build configuration list for PBXProject "iar" */;
			compatibilityVersion = "Xcode 13.0";
			developmentRegion = en;
			hasScannedForEncodings = 0;
			knownRegions = (
				en,
				Base,
			);
			mainGroup = 847AC2AD279F71A1000D80EE;
			packageReferences = (
				843C8C8827F155E70077F5E1 /* XCRemoteSwiftPackageReference "OneSignal-XCFramework" */,
				84224BD52BED5676001B6353 /* XCRemoteSwiftPackageReference "Nuke" */,
			);
			productRefGroup = 847AC2B7279F71A2000D80EE /* Products */;
			projectDirPath = "";
			projectRoot = "";
			targets = (
				847AC2B5279F71A2000D80EE /* iar */,
				843C8C7B27F154090077F5E1 /* IARNotificationServiceExtension */,
			);
		};
/* End PBXProject section */

/* Begin PBXResourcesBuildPhase section */
		843C8C7A27F154090077F5E1 /* Resources */ = {
			isa = PBXResourcesBuildPhase;
			buildActionMask = 2147483647;
			files = (
			);
			runOnlyForDeploymentPostprocessing = 0;
		};
		847AC2B4279F71A2000D80EE /* Resources */ = {
			isa = PBXResourcesBuildPhase;
			buildActionMask = 2147483647;
			files = (
				847AC2C1279F71A2000D80EE /* Preview Assets.xcassets in Resources */,
				8416F08E27BF603D00129383 /* AdhanSaadAlghamdi.caf in Resources */,
				8416F08D27BF603D00129383 /* AdhanAfasy.caf in Resources */,
				840F072627DFE05300CCDE19 /* Launch Screen.storyboard in Resources */,
				847AC2BE279F71A2000D80EE /* Assets.xcassets in Resources */,
			);
			runOnlyForDeploymentPostprocessing = 0;
		};
/* End PBXResourcesBuildPhase section */

/* Begin PBXSourcesBuildPhase section */
		843C8C7827F154090077F5E1 /* Sources */ = {
			isa = PBXSourcesBuildPhase;
			buildActionMask = 2147483647;
			files = (
				843C8C7F27F154090077F5E1 /* NotificationService.swift in Sources */,
			);
			runOnlyForDeploymentPostprocessing = 0;
		};
		847AC2B2279F71A2000D80EE /* Sources */ = {
			isa = PBXSourcesBuildPhase;
			buildActionMask = 2147483647;
			files = (
				8407708F27E6B3E50042410C /* Announcements.swift in Sources */,
				84D44BA527D8672200202BD3 /* News.swift in Sources */,
				846E07732BF3067B00EAA538 /* PreferenceKeys.swift in Sources */,
				849550F727AA2EF7008A180F /* PrayerTime.swift in Sources */,
				8497D2E427C2B9F1000BF89C /* PrayerTimesView.swift in Sources */,
				845FB0ED27E3C579006E54E1 /* ShareSheet.swift in Sources */,
				847AC2CD279F926A000D80EE /* IqamahSchedule.swift in Sources */,
				849550F527AA07EB008A180F /* PrayerProvider.swift in Sources */,
				847AC2BC279F71A2000D80EE /* PrayerDayView.swift in Sources */,
				840FBEBC27C88129003D646C /* KhutbaView.swift in Sources */,
				84D44B9F27D8661E00202BD3 /* Event.swift in Sources */,
				840FBEB427C8729C003D646C /* NewsScreen.swift in Sources */,
				84994CD027DD4EEF00BD2A33 /* PostRow.swift in Sources */,
				844B424C2BF53ECD007410CD /* SmallPrayerCountdown.swift in Sources */,
				847AC2C9279F74C3000D80EE /* AdhanSchedule.swift in Sources */,
				847AC2DF279FA893000D80EE /* HijriComponents.swift in Sources */,
				847AC2BA279F71A2000D80EE /* iarApp.swift in Sources */,
				84994CCA27DD465500BD2A33 /* NewsSection.swift in Sources */,
				8420E8B827AF730E00C54EED /* ToggleStyle.swift in Sources */,
				8416F08527BEFE9E00129383 /* PrayerHeader.swift in Sources */,
				847AC2E5279FB10A000D80EE /* PrayerRow.swift in Sources */,
				84D44BA127D866C300202BD3 /* Post.swift in Sources */,
				849550FC27AA38B5008A180F /* Sequence.swift in Sources */,
				840FBEB627C872AB003D646C /* DonateScreen.swift in Sources */,
				847AC2CB279F9246000D80EE /* PrayerDay.swift in Sources */,
				84994CCE27DD4B1800BD2A33 /* EventsList.swift in Sources */,
				84E57E0027AB8FE400AC10A0 /* Formatter.swift in Sources */,
				8416F08927BF280D00129383 /* NotificationType.swift in Sources */,
				849550F927AA3784008A180F /* PrayerCountdown.swift in Sources */,
				84FB95A32BF45E00005E0D5A /* SafeArea.swift in Sources */,
				8416F09227C0A50000129383 /* PrayerCountdownViewModel.swift in Sources */,
				84D44BA727D8676400202BD3 /* NewsViewModel.swift in Sources */,
				849550F327AA0654008A180F /* MainView.swift in Sources */,
				84994CD427DD5DFC00BD2A33 /* SpecialHeader.swift in Sources */,
				842E34C427BDEBF200A3B50B /* PrayerScreen.swift in Sources */,
				84E57E0227AB943600AC10A0 /* URLSession.swift in Sources */,
				847AC2E7279FB162000D80EE /* Prayer.swift in Sources */,
				84994CD227DD53BB00BD2A33 /* WebView.swift in Sources */,
				84ACC8D927B86761004D4F25 /* FridayPrayer.swift in Sources */,
				84E8774727DE56FE00D80908 /* EventRow.swift in Sources */,
				842E34C227BDE9AE00A3B50B /* NotificationController.swift in Sources */,
				842E34C627BDED2800A3B50B /* MoreScreen.swift in Sources */,
				847AC2E2279FAE16000D80EE /* PrayerTimesViewModel.swift in Sources */,
				843F283627C1DEE8008D0328 /* PrayerSchedule.swift in Sources */,
				849550F127AA0316008A180F /* MockData.swift in Sources */,
				84D44BA927D8677C00202BD3 /* NewsProvider.swift in Sources */,
				8458125227B5F6F10065B185 /* StoredDefault.swift in Sources */,
				840FBEBA27C87882003D646C /* FridayScheduleView.swift in Sources */,
				8420E8BC27AF7FEE00C54EED /* NotificationSettings.swift in Sources */,
				84994CCC27DD47C500BD2A33 /* PostsList.swift in Sources */,
				8497D2E227C2B981000BF89C /* PrayerDayViewModel.swift in Sources */,
			);
			runOnlyForDeploymentPostprocessing = 0;
		};
/* End PBXSourcesBuildPhase section */

/* Begin PBXTargetDependency section */
		843C8C8227F154090077F5E1 /* PBXTargetDependency */ = {
			isa = PBXTargetDependency;
			target = 843C8C7B27F154090077F5E1 /* IARNotificationServiceExtension */;
			targetProxy = 843C8C8127F154090077F5E1 /* PBXContainerItemProxy */;
		};
/* End PBXTargetDependency section */

/* Begin XCBuildConfiguration section */
		843C8C8527F154090077F5E1 /* Debug */ = {
			isa = XCBuildConfiguration;
			buildSettings = {
				CODE_SIGN_STYLE = Automatic;
				CURRENT_PROJECT_VERSION = 1;
				DEVELOPMENT_TEAM = M8X3U28L5K;
				GENERATE_INFOPLIST_FILE = YES;
				INFOPLIST_FILE = IARNotificationServiceExtension/Info.plist;
				INFOPLIST_KEY_CFBundleDisplayName = "Notification Service Extension";
				INFOPLIST_KEY_NSHumanReadableCopyright = "";
				IPHONEOS_DEPLOYMENT_TARGET = 16.0;
				LD_RUNPATH_SEARCH_PATHS = (
					"$(inherited)",
					"@executable_path/Frameworks",
					"@executable_path/../../Frameworks",
				);
				MARKETING_VERSION = 3.0.4;
				PRODUCT_BUNDLE_IDENTIFIER = com.lemosys.IARMasjid.NotificationServiceExtension;
				PRODUCT_NAME = "$(TARGET_NAME)";
				SKIP_INSTALL = YES;
				SWIFT_EMIT_LOC_STRINGS = YES;
				SWIFT_VERSION = 5.0;
				TARGETED_DEVICE_FAMILY = "1,2";
			};
			name = Debug;
		};
		843C8C8627F154090077F5E1 /* Release */ = {
			isa = XCBuildConfiguration;
			buildSettings = {
				CODE_SIGN_STYLE = Automatic;
				CURRENT_PROJECT_VERSION = 1;
				DEVELOPMENT_TEAM = M8X3U28L5K;
				GENERATE_INFOPLIST_FILE = YES;
				INFOPLIST_FILE = IARNotificationServiceExtension/Info.plist;
				INFOPLIST_KEY_CFBundleDisplayName = "Notification Service Extension";
				INFOPLIST_KEY_NSHumanReadableCopyright = "";
				IPHONEOS_DEPLOYMENT_TARGET = 16.0;
				LD_RUNPATH_SEARCH_PATHS = (
					"$(inherited)",
					"@executable_path/Frameworks",
					"@executable_path/../../Frameworks",
				);
				MARKETING_VERSION = 3.0.4;
				PRODUCT_BUNDLE_IDENTIFIER = com.lemosys.IARMasjid.NotificationServiceExtension;
				PRODUCT_NAME = "$(TARGET_NAME)";
				SKIP_INSTALL = YES;
				SWIFT_EMIT_LOC_STRINGS = YES;
				SWIFT_VERSION = 5.0;
				TARGETED_DEVICE_FAMILY = "1,2";
			};
			name = Release;
		};
		847AC2C2279F71A2000D80EE /* Debug */ = {
			isa = XCBuildConfiguration;
			buildSettings = {
				ALWAYS_SEARCH_USER_PATHS = NO;
				ASSETCATALOG_COMPILER_GENERATE_SWIFT_ASSET_SYMBOL_EXTENSIONS = YES;
				CLANG_ANALYZER_NONNULL = YES;
				CLANG_ANALYZER_NUMBER_OBJECT_CONVERSION = YES_AGGRESSIVE;
				CLANG_CXX_LANGUAGE_STANDARD = "gnu++17";
				CLANG_CXX_LIBRARY = "libc++";
				CLANG_ENABLE_MODULES = YES;
				CLANG_ENABLE_OBJC_ARC = YES;
				CLANG_ENABLE_OBJC_WEAK = YES;
				CLANG_WARN_BLOCK_CAPTURE_AUTORELEASING = YES;
				CLANG_WARN_BOOL_CONVERSION = YES;
				CLANG_WARN_COMMA = YES;
				CLANG_WARN_CONSTANT_CONVERSION = YES;
				CLANG_WARN_DEPRECATED_OBJC_IMPLEMENTATIONS = YES;
				CLANG_WARN_DIRECT_OBJC_ISA_USAGE = YES_ERROR;
				CLANG_WARN_DOCUMENTATION_COMMENTS = YES;
				CLANG_WARN_EMPTY_BODY = YES;
				CLANG_WARN_ENUM_CONVERSION = YES;
				CLANG_WARN_INFINITE_RECURSION = YES;
				CLANG_WARN_INT_CONVERSION = YES;
				CLANG_WARN_NON_LITERAL_NULL_CONVERSION = YES;
				CLANG_WARN_OBJC_IMPLICIT_RETAIN_SELF = YES;
				CLANG_WARN_OBJC_LITERAL_CONVERSION = YES;
				CLANG_WARN_OBJC_ROOT_CLASS = YES_ERROR;
				CLANG_WARN_QUOTED_INCLUDE_IN_FRAMEWORK_HEADER = YES;
				CLANG_WARN_RANGE_LOOP_ANALYSIS = YES;
				CLANG_WARN_STRICT_PROTOTYPES = YES;
				CLANG_WARN_SUSPICIOUS_MOVE = YES;
				CLANG_WARN_UNGUARDED_AVAILABILITY = YES_AGGRESSIVE;
				CLANG_WARN_UNREACHABLE_CODE = YES;
				CLANG_WARN__DUPLICATE_METHOD_MATCH = YES;
				COPY_PHASE_STRIP = NO;
				DEBUG_INFORMATION_FORMAT = dwarf;
				ENABLE_STRICT_OBJC_MSGSEND = YES;
				ENABLE_TESTABILITY = YES;
				ENABLE_USER_SCRIPT_SANDBOXING = YES;
				GCC_C_LANGUAGE_STANDARD = gnu11;
				GCC_DYNAMIC_NO_PIC = NO;
				GCC_NO_COMMON_BLOCKS = YES;
				GCC_OPTIMIZATION_LEVEL = 0;
				GCC_PREPROCESSOR_DEFINITIONS = (
					"DEBUG=1",
					"$(inherited)",
				);
				GCC_WARN_64_TO_32_BIT_CONVERSION = YES;
				GCC_WARN_ABOUT_RETURN_TYPE = YES_ERROR;
				GCC_WARN_UNDECLARED_SELECTOR = YES;
				GCC_WARN_UNINITIALIZED_AUTOS = YES_AGGRESSIVE;
				GCC_WARN_UNUSED_FUNCTION = YES;
				GCC_WARN_UNUSED_VARIABLE = YES;
				IPHONEOS_DEPLOYMENT_TARGET = 14.5;
				MTL_ENABLE_DEBUG_INFO = INCLUDE_SOURCE;
				MTL_FAST_MATH = YES;
				ONLY_ACTIVE_ARCH = YES;
				SDKROOT = iphoneos;
				SWIFT_ACTIVE_COMPILATION_CONDITIONS = DEBUG;
				SWIFT_OPTIMIZATION_LEVEL = "-Onone";
			};
			name = Debug;
		};
		847AC2C3279F71A2000D80EE /* Release */ = {
			isa = XCBuildConfiguration;
			buildSettings = {
				ALWAYS_SEARCH_USER_PATHS = NO;
				ASSETCATALOG_COMPILER_GENERATE_SWIFT_ASSET_SYMBOL_EXTENSIONS = YES;
				CLANG_ANALYZER_NONNULL = YES;
				CLANG_ANALYZER_NUMBER_OBJECT_CONVERSION = YES_AGGRESSIVE;
				CLANG_CXX_LANGUAGE_STANDARD = "gnu++17";
				CLANG_CXX_LIBRARY = "libc++";
				CLANG_ENABLE_MODULES = YES;
				CLANG_ENABLE_OBJC_ARC = YES;
				CLANG_ENABLE_OBJC_WEAK = YES;
				CLANG_WARN_BLOCK_CAPTURE_AUTORELEASING = YES;
				CLANG_WARN_BOOL_CONVERSION = YES;
				CLANG_WARN_COMMA = YES;
				CLANG_WARN_CONSTANT_CONVERSION = YES;
				CLANG_WARN_DEPRECATED_OBJC_IMPLEMENTATIONS = YES;
				CLANG_WARN_DIRECT_OBJC_ISA_USAGE = YES_ERROR;
				CLANG_WARN_DOCUMENTATION_COMMENTS = YES;
				CLANG_WARN_EMPTY_BODY = YES;
				CLANG_WARN_ENUM_CONVERSION = YES;
				CLANG_WARN_INFINITE_RECURSION = YES;
				CLANG_WARN_INT_CONVERSION = YES;
				CLANG_WARN_NON_LITERAL_NULL_CONVERSION = YES;
				CLANG_WARN_OBJC_IMPLICIT_RETAIN_SELF = YES;
				CLANG_WARN_OBJC_LITERAL_CONVERSION = YES;
				CLANG_WARN_OBJC_ROOT_CLASS = YES_ERROR;
				CLANG_WARN_QUOTED_INCLUDE_IN_FRAMEWORK_HEADER = YES;
				CLANG_WARN_RANGE_LOOP_ANALYSIS = YES;
				CLANG_WARN_STRICT_PROTOTYPES = YES;
				CLANG_WARN_SUSPICIOUS_MOVE = YES;
				CLANG_WARN_UNGUARDED_AVAILABILITY = YES_AGGRESSIVE;
				CLANG_WARN_UNREACHABLE_CODE = YES;
				CLANG_WARN__DUPLICATE_METHOD_MATCH = YES;
				COPY_PHASE_STRIP = NO;
				DEBUG_INFORMATION_FORMAT = "dwarf-with-dsym";
				ENABLE_NS_ASSERTIONS = NO;
				ENABLE_STRICT_OBJC_MSGSEND = YES;
				ENABLE_USER_SCRIPT_SANDBOXING = YES;
				GCC_C_LANGUAGE_STANDARD = gnu11;
				GCC_NO_COMMON_BLOCKS = YES;
				GCC_WARN_64_TO_32_BIT_CONVERSION = YES;
				GCC_WARN_ABOUT_RETURN_TYPE = YES_ERROR;
				GCC_WARN_UNDECLARED_SELECTOR = YES;
				GCC_WARN_UNINITIALIZED_AUTOS = YES_AGGRESSIVE;
				GCC_WARN_UNUSED_FUNCTION = YES;
				GCC_WARN_UNUSED_VARIABLE = YES;
				IPHONEOS_DEPLOYMENT_TARGET = 14.5;
				MTL_ENABLE_DEBUG_INFO = NO;
				MTL_FAST_MATH = YES;
				SDKROOT = iphoneos;
				SWIFT_COMPILATION_MODE = wholemodule;
				SWIFT_OPTIMIZATION_LEVEL = "-O";
				VALIDATE_PRODUCT = YES;
			};
			name = Release;
		};
		847AC2C5279F71A2000D80EE /* Debug */ = {
			isa = XCBuildConfiguration;
			buildSettings = {
				ALWAYS_EMBED_SWIFT_STANDARD_LIBRARIES = YES;
				ASSETCATALOG_COMPILER_APPICON_NAME = AppIcon;
				ASSETCATALOG_COMPILER_GLOBAL_ACCENT_COLOR_NAME = AccentColor;
				CODE_SIGN_ENTITLEMENTS = iar/iar.entitlements;
				CODE_SIGN_STYLE = Automatic;
				CURRENT_PROJECT_VERSION = 1;
				DEVELOPMENT_ASSET_PATHS = "\"iar/Preview Content\"";
				DEVELOPMENT_TEAM = M8X3U28L5K;
				ENABLE_PREVIEWS = YES;
				GENERATE_INFOPLIST_FILE = YES;
				INFOPLIST_FILE = iar/Info.plist;
				INFOPLIST_KEY_NSLocationWhenInUseUsageDescription = "Location used to determine Qibla direction";
				INFOPLIST_KEY_UIApplicationSupportsIndirectInputEvents = YES;
				INFOPLIST_KEY_UILaunchScreen_Generation = YES;
				INFOPLIST_KEY_UILaunchStoryboardName = "Launch Screen";
				INFOPLIST_KEY_UISupportedInterfaceOrientations = UIInterfaceOrientationPortrait;
				INFOPLIST_KEY_UISupportedInterfaceOrientations_iPad = "UIInterfaceOrientationPortrait UIInterfaceOrientationPortraitUpsideDown UIInterfaceOrientationLandscapeLeft UIInterfaceOrientationLandscapeRight";
				INFOPLIST_KEY_UISupportedInterfaceOrientations_iPhone = UIInterfaceOrientationPortrait;
				IPHONEOS_DEPLOYMENT_TARGET = 16.0;
				LD_RUNPATH_SEARCH_PATHS = (
					"$(inherited)",
					"@executable_path/Frameworks",
				);
				MARKETING_VERSION = 4.0.0;
				PRODUCT_BUNDLE_IDENTIFIER = com.lemosys.IARMasjid;
				PRODUCT_NAME = IAR;
				SWIFT_EMIT_LOC_STRINGS = YES;
				SWIFT_VERSION = 5.0;
				TARGETED_DEVICE_FAMILY = "1,2";
			};
			name = Debug;
		};
		847AC2C6279F71A2000D80EE /* Release */ = {
			isa = XCBuildConfiguration;
			buildSettings = {
				ALWAYS_EMBED_SWIFT_STANDARD_LIBRARIES = YES;
				ASSETCATALOG_COMPILER_APPICON_NAME = AppIcon;
				ASSETCATALOG_COMPILER_GLOBAL_ACCENT_COLOR_NAME = AccentColor;
				CODE_SIGN_ENTITLEMENTS = iar/iar.entitlements;
				CODE_SIGN_STYLE = Automatic;
				CURRENT_PROJECT_VERSION = 1;
				DEVELOPMENT_ASSET_PATHS = "\"iar/Preview Content\"";
				DEVELOPMENT_TEAM = M8X3U28L5K;
				ENABLE_PREVIEWS = YES;
				GENERATE_INFOPLIST_FILE = YES;
				INFOPLIST_FILE = iar/Info.plist;
				INFOPLIST_KEY_NSLocationWhenInUseUsageDescription = "Location used to determine Qibla direction";
				INFOPLIST_KEY_UIApplicationSupportsIndirectInputEvents = YES;
				INFOPLIST_KEY_UILaunchScreen_Generation = YES;
				INFOPLIST_KEY_UILaunchStoryboardName = "Launch Screen";
				INFOPLIST_KEY_UISupportedInterfaceOrientations = UIInterfaceOrientationPortrait;
				INFOPLIST_KEY_UISupportedInterfaceOrientations_iPad = "UIInterfaceOrientationPortrait UIInterfaceOrientationPortraitUpsideDown UIInterfaceOrientationLandscapeLeft UIInterfaceOrientationLandscapeRight";
				INFOPLIST_KEY_UISupportedInterfaceOrientations_iPhone = UIInterfaceOrientationPortrait;
				IPHONEOS_DEPLOYMENT_TARGET = 16.0;
				LD_RUNPATH_SEARCH_PATHS = (
					"$(inherited)",
					"@executable_path/Frameworks",
				);
				MARKETING_VERSION = 4.0.0;
				PRODUCT_BUNDLE_IDENTIFIER = com.lemosys.IARMasjid;
				PRODUCT_NAME = IAR;
				SWIFT_EMIT_LOC_STRINGS = YES;
				SWIFT_VERSION = 5.0;
				TARGETED_DEVICE_FAMILY = "1,2";
			};
			name = Release;
		};
/* End XCBuildConfiguration section */

/* Begin XCConfigurationList section */
		843C8C8727F154090077F5E1 /* Build configuration list for PBXNativeTarget "IARNotificationServiceExtension" */ = {
			isa = XCConfigurationList;
			buildConfigurations = (
				843C8C8527F154090077F5E1 /* Debug */,
				843C8C8627F154090077F5E1 /* Release */,
			);
			defaultConfigurationIsVisible = 0;
			defaultConfigurationName = Release;
		};
		847AC2B1279F71A2000D80EE /* Build configuration list for PBXProject "iar" */ = {
			isa = XCConfigurationList;
			buildConfigurations = (
				847AC2C2279F71A2000D80EE /* Debug */,
				847AC2C3279F71A2000D80EE /* Release */,
			);
			defaultConfigurationIsVisible = 0;
			defaultConfigurationName = Release;
		};
		847AC2C4279F71A2000D80EE /* Build configuration list for PBXNativeTarget "iar" */ = {
			isa = XCConfigurationList;
			buildConfigurations = (
				847AC2C5279F71A2000D80EE /* Debug */,
				847AC2C6279F71A2000D80EE /* Release */,
			);
			defaultConfigurationIsVisible = 0;
			defaultConfigurationName = Release;
		};
/* End XCConfigurationList section */

/* Begin XCRemoteSwiftPackageReference section */
		84224BD52BED5676001B6353 /* XCRemoteSwiftPackageReference "Nuke" */ = {
			isa = XCRemoteSwiftPackageReference;
			repositoryURL = "https://github.com/kean/Nuke.git";
			requirement = {
				kind = upToNextMajorVersion;
				minimumVersion = 12.6.0;
			};
		};
		843C8C8827F155E70077F5E1 /* XCRemoteSwiftPackageReference "OneSignal-XCFramework" */ = {
			isa = XCRemoteSwiftPackageReference;
			repositoryURL = "https://github.com/OneSignal/OneSignal-XCFramework";
			requirement = {
				kind = upToNextMajorVersion;
				minimumVersion = 3.0.0;
			};
		};
/* End XCRemoteSwiftPackageReference section */

/* Begin XCSwiftPackageProductDependency section */
		84224BD62BED5676001B6353 /* Nuke */ = {
			isa = XCSwiftPackageProductDependency;
			package = 84224BD52BED5676001B6353 /* XCRemoteSwiftPackageReference "Nuke" */;
			productName = Nuke;
		};
		84224BD82BED5676001B6353 /* NukeUI */ = {
			isa = XCSwiftPackageProductDependency;
			package = 84224BD52BED5676001B6353 /* XCRemoteSwiftPackageReference "Nuke" */;
			productName = NukeUI;
		};
		843C8C8927F155E70077F5E1 /* OneSignal */ = {
			isa = XCSwiftPackageProductDependency;
			package = 843C8C8827F155E70077F5E1 /* XCRemoteSwiftPackageReference "OneSignal-XCFramework" */;
			productName = OneSignal;
		};
/* End XCSwiftPackageProductDependency section */
	};
	rootObject = 847AC2AE279F71A1000D80EE /* Project object */;
}
