{
  "originHash" : "ac9f89c23a37b7215db16e70cae5b3b85733cf319810165cd20da3780168d530",
  "pins" : [
    {
      "identity" : "nuke",
      "kind" : "remoteSourceControl",
      "location" : "https://github.com/kean/Nuke.git",
      "state" : {
        "revision" : "8e431251dea0081b6ab154dab61a6ec74e4b6577",
        "version" : "12.6.0"
      }
    },
    {
      "identity" : "onesignal-xcframework",
      "kind" : "remoteSourceControl",
      "location" : "https://github.com/OneSignal/OneSignal-XCFramework",
      "state" : {
        "revision" : "b466a821e03008ecae885ebf79f52e4b88269b06",
        "version" : "3.12.6"
      }
    }
  ],
  "version" : 3
}
